
Microsoft Visual Studio Solution File, Format Version 12.00
# Visual Studio Version 17
VisualStudioVersion = 17.8.34408.163
MinimumVisualStudioVersion = 10.0.40219.1
Project("{FAE04EC0-301F-11D3-BF4B-00C04F79EFBC}") = "PullReqDemo", "PullReqDemo\PullReqDemo.csproj", "{A5D06EFA-247C-4619-AF92-864178932259}"
EndProject
Global
	GlobalSection(SolutionConfigurationPlatforms) = preSolution
		Debug|Any CPU = Debug|Any CPU
		Release|Any CPU = Release|Any CPU
	EndGlobalSection
	GlobalSection(ProjectConfigurationPlatforms) = postSolution
		{A5D06EFA-247C-4619-AF92-864178932259}.Debug|Any CPU.ActiveCfg = Debug|Any CPU
		{A5D06EFA-247C-4619-AF92-864178932259}.Debug|Any CPU.Build.0 = Debug|Any CPU
		{A5D06EFA-247C-4619-AF92-864178932259}.Release|Any CPU.ActiveCfg = Release|Any CPU
		{A5D06EFA-247C-4619-AF92-864178932259}.Release|Any CPU.Build.0 = Release|Any CPU
	EndGlobalSection
	GlobalSection(SolutionProperties) = preSolution
		HideSolutionNode = FALSE
	EndGlobalSection
	GlobalSection(ExtensibilityGlobals) = postSolution
		SolutionGuid = {0C0B184A-1D0C-463A-A856-7433F7ED8793}
	EndGlobalSection
EndGlobal
